<?xml version="1.0"?>
<plist version="1.0">
	<dict>
		<key>archiveVersion</key>
		<string>1</string>
		<key>classes</key>
		<dict />
		<key>objectVersion</key>
		<string>46</string>
		<key>objects</key>
		<dict>
			<key>BFD89F07BA1AFCDF96641C4F</key>
			<dict>
				<key>fileRef</key>
				<string>965DAE01B8A39F88D2819F43</string>
				<key>isa</key>
				<string>PBXBuildFile</string>
			</dict>
			<key>965DAE01B8A39F88D2819F43</key>
			<dict>
				<key>explicitFileType</key>
				<string>sourcecode.c.c</string>
				<key>fileEncoding</key>
				<string>4</string>
				<key>isa</key>
				<string>PBXFileReference</string>
				<key>name</key>
				<string>heatmap.c</string>
				<key>path</key>
				<string>../../../addons/ofxHeatMap-master/libs/heatmap/heatmap.c</string>
				<key>sourceTree</key>
				<string>SOURCE_ROOT</string>
			</dict>
			<key>B77A08943B7BAF76238AEE17</key>
			<dict>
				<key>fileRef</key>
				<string>45C1E30B1628483D82AE79E8</string>
				<key>isa</key>
				<string>PBXBuildFile</string>
			</dict>
			<key>45C1E30B1628483D82AE79E8</key>
			<dict>
				<key>explicitFileType</key>
				<string>sourcecode.c.c</string>
				<key>fileEncoding</key>
				<string>4</string>
				<key>isa</key>
				<string>PBXFileReference</string>
				<key>name</key>
				<string>YlGnBu.c</string>
				<key>path</key>
				<string>../../../addons/ofxHeatMap-master/libs/heatmap/colorschemes/YlGnBu.c</string>
				<key>sourceTree</key>
				<string>SOURCE_ROOT</string>
			</dict>
			<key>72371325613B294F0082AF45</key>
			<dict>
				<key>fileRef</key>
				<string>1FFC0FD748F9D0738BF9ABAA</string>
				<key>isa</key>
				<string>PBXBuildFile</string>
			</dict>
			<key>1FFC0FD748F9D0738BF9ABAA</key>
			<dict>
				<key>explicitFileType</key>
				<string>sourcecode.c.c</string>
				<key>fileEncoding</key>
				<string>4</string>
				<key>isa</key>
				<string>PBXFileReference</string>
				<key>name</key>
				<string>YlOrBr.c</string>
				<key>path</key>
				<string>../../../addons/ofxHeatMap-master/libs/heatmap/colorschemes/YlOrBr.c</string>
				<key>sourceTree</key>
				<string>SOURCE_ROOT</string>
			</dict>
			<key>61796A506A341E9789025B9F</key>
			<dict>
				<key>fileRef</key>
				<string>5C04B1D8B48974E0465C1252</string>
				<key>isa</key>
				<string>PBXBuildFile</string>
			</dict>
			<key>5C04B1D8B48974E0465C1252</key>
			<dict>
				<key>explicitFileType</key>
				<string>sourcecode.c.c</string>
				<key>fileEncoding</key>
				<string>4</string>
				<key>isa</key>
				<string>PBXFileReference</string>
				<key>name</key>
				<string>PuOr.c</string>
				<key>path</key>
				<string>../../../addons/ofxHeatMap-master/libs/heatmap/colorschemes/PuOr.c</string>
				<key>sourceTree</key>
				<string>SOURCE_ROOT</string>
			</dict>
			<key>C1D0B6CC5C27DEE3FC6C8C28</key>
			<dict>
				<key>fileRef</key>
				<string>D2B4F54CA11CC8B1E48BCAA9</string>
				<key>isa</key>
				<string>PBXBuildFile</string>
			</dict>
			<key>D2B4F54CA11CC8B1E48BCAA9</key>
			<dict>
				<key>explicitFileType</key>
				<string>sourcecode.c.c</string>
				<key>fileEncoding</key>
				<string>4</string>
				<key>isa</key>
				<string>PBXFileReference</string>
				<key>name</key>
				<string>RdBu.c</string>
				<key>path</key>
				<string>../../../addons/ofxHeatMap-master/libs/heatmap/colorschemes/RdBu.c</string>
				<key>sourceTree</key>
				<string>SOURCE_ROOT</string>
			</dict>
			<key>0C8CE374ACF5240621CD93AE</key>
			<dict>
				<key>fileRef</key>
				<string>C5617011187C71BD5AB8BEFF</string>
				<key>isa</key>
				<string>PBXBuildFile</string>
			</dict>
			<key>C5617011187C71BD5AB8BEFF</key>
			<dict>
				<key>explicitFileType</key>
				<string>sourcecode.c.c</string>
				<key>fileEncoding</key>
				<string>4</string>
				<key>isa</key>
				<string>PBXFileReference</string>
				<key>name</key>
				<string>Oranges.c</string>
				<key>path</key>
				<string>../../../addons/ofxHeatMap-master/libs/heatmap/colorschemes/Oranges.c</string>
				<key>sourceTree</key>
				<string>SOURCE_ROOT</string>
			</dict>
			<key>CFFC73CF7DCF403E9B8926F8</key>
			<dict>
				<key>explicitFileType</key>
				<string>sourcecode.c.h</string>
				<key>fileEncoding</key>
				<string>4</string>
				<key>isa</key>
				<string>PBXFileReference</string>
				<key>name</key>
				<string>PRGn.h</string>
				<key>path</key>
				<string>../../../addons/ofxHeatMap-master/libs/heatmap/colorschemes/PRGn.h</string>
				<key>sourceTree</key>
				<string>SOURCE_ROOT</string>
			</dict>
			<key>CB20158E4959ADEF7F1C7734</key>
			<dict>
				<key>explicitFileType</key>
				<string>sourcecode.c.h</string>
				<key>fileEncoding</key>
				<string>4</string>
				<key>isa</key>
				<string>PBXFileReference</string>
				<key>name</key>
				<string>BrBG.h</string>
				<key>path</key>
				<string>../../../addons/ofxHeatMap-master/libs/heatmap/colorschemes/BrBG.h</string>
				<key>sourceTree</key>
				<string>SOURCE_ROOT</string>
			</dict>
			<key>3A058DEE7E1F3C679CE397FF</key>
			<dict>
				<key>fileRef</key>
				<string>6ED7171CD282A4EAE830BF15</string>
				<key>isa</key>
				<string>PBXBuildFile</string>
			</dict>
			<key>6ED7171CD282A4EAE830BF15</key>
			<dict>
				<key>explicitFileType</key>
				<string>sourcecode.c.c</string>
				<key>fileEncoding</key>
				<string>4</string>
				<key>isa</key>
				<string>PBXFileReference</string>
				<key>name</key>
				<string>PuRd.c</string>
				<key>path</key>
				<string>../../../addons/ofxHeatMap-master/libs/heatmap/colorschemes/PuRd.c</string>
				<key>sourceTree</key>
				<string>SOURCE_ROOT</string>
			</dict>
			<key>E5657BC7147D844FA3952923</key>
			<dict>
				<key>explicitFileType</key>
				<string>sourcecode.c.h</string>
				<key>fileEncoding</key>
				<string>4</string>
				<key>isa</key>
				<string>PBXFileReference</string>
				<key>name</key>
				<string>RdGy.h</string>
				<key>path</key>
				<string>../../../addons/ofxHeatMap-master/libs/heatmap/colorschemes/RdGy.h</string>
				<key>sourceTree</key>
				<string>SOURCE_ROOT</string>
			</dict>
			<key>73DB48446BE3DD9CCF6312D5</key>
			<dict>
				<key>explicitFileType</key>
				<string>sourcecode.c.h</string>
				<key>fileEncoding</key>
				<string>4</string>
				<key>isa</key>
				<string>PBXFileReference</string>
				<key>name</key>
				<string>Spectral.h</string>
				<key>path</key>
				<string>../../../addons/ofxHeatMap-master/libs/heatmap/colorschemes/Spectral.h</string>
				<key>sourceTree</key>
				<string>SOURCE_ROOT</string>
			</dict>
			<key>BC49A935B39AC693A4A506E9</key>
			<dict>
				<key>fileRef</key>
				<string>A55A8966E886DA2571EBFA33</string>
				<key>isa</key>
				<string>PBXBuildFile</string>
			</dict>
			<key>A55A8966E886DA2571EBFA33</key>
			<dict>
				<key>explicitFileType</key>
				<string>sourcecode.c.c</string>
				<key>fileEncoding</key>
				<string>4</string>
				<key>isa</key>
				<string>PBXFileReference</string>
				<key>name</key>
				<string>RdYlGn.c</string>
				<key>path</key>
				<string>../../../addons/ofxHeatMap-master/libs/heatmap/colorschemes/RdYlGn.c</string>
				<key>sourceTree</key>
				<string>SOURCE_ROOT</string>
			</dict>
			<key>22D880F901635422FF5ABA40</key>
			<dict>
				<key>explicitFileType</key>
				<string>sourcecode.c.h</string>
				<key>fileEncoding</key>
				<string>4</string>
				<key>isa</key>
				<string>PBXFileReference</string>
				<key>name</key>
				<string>YlOrRd.h</string>
				<key>path</key>
				<string>../../../addons/ofxHeatMap-master/libs/heatmap/colorschemes/YlOrRd.h</string>
				<key>sourceTree</key>
				<string>SOURCE_ROOT</string>
			</dict>
			<key>0B4356F218F267ECAA4443CF</key>
			<dict>
				<key>fileRef</key>
				<string>A2AC3FA94B8A9FD6598B7D16</string>
				<key>isa</key>
				<string>PBXBuildFile</string>
			</dict>
			<key>A2AC3FA94B8A9FD6598B7D16</key>
			<dict>
				<key>explicitFileType</key>
				<string>sourcecode.c.c</string>
				<key>fileEncoding</key>
				<string>4</string>
				<key>isa</key>
				<string>PBXFileReference</string>
				<key>name</key>
				<string>Greens.c</string>
				<key>path</key>
				<string>../../../addons/ofxHeatMap-master/libs/heatmap/colorschemes/Greens.c</string>
				<key>sourceTree</key>
				<string>SOURCE_ROOT</string>
			</dict>
			<key>31880617DE40450832E84C42</key>
			<dict>
				<key>fileRef</key>
				<string>59A93B8EC67172A124752AC0</string>
				<key>isa</key>
				<string>PBXBuildFile</string>
			</dict>
			<key>59A93B8EC67172A124752AC0</key>
			<dict>
				<key>explicitFileType</key>
				<string>sourcecode.c.c</string>
				<key>fileEncoding</key>
				<string>4</string>
				<key>isa</key>
				<string>PBXFileReference</string>
				<key>name</key>
				<string>RdPu.c</string>
				<key>path</key>
				<string>../../../addons/ofxHeatMap-master/libs/heatmap/colorschemes/RdPu.c</string>
				<key>sourceTree</key>
				<string>SOURCE_ROOT</string>
			</dict>
			<key>B9504F4940C475278C00B611</key>
			<dict>
				<key>explicitFileType</key>
				<string>sourcecode.c.h</string>
				<key>fileEncoding</key>
				<string>4</string>
				<key>isa</key>
				<string>PBXFileReference</string>
				<key>name</key>
				<string>GnBu.h</string>
				<key>path</key>
				<string>../../../addons/ofxHeatMap-master/libs/heatmap/colorschemes/GnBu.h</string>
				<key>sourceTree</key>
				<string>SOURCE_ROOT</string>
			</dict>
			<key>200E54BAE9B99ED9A28619C6</key>
			<dict>
				<key>explicitFileType</key>
				<string>sourcecode.c.h</string>
				<key>fileEncoding</key>
				<string>4</string>
				<key>isa</key>
				<string>PBXFileReference</string>
				<key>name</key>
				<string>BuPu.h</string>
				<key>path</key>
				<string>../../../addons/ofxHeatMap-master/libs/heatmap/colorschemes/BuPu.h</string>
				<key>sourceTree</key>
				<string>SOURCE_ROOT</string>
			</dict>
			<key>0EA0F338F90779075627669C</key>
			<dict>
				<key>fileRef</key>
				<string>48193B3E4092646EFD76E823</string>
				<key>isa</key>
				<string>PBXBuildFile</string>
			</dict>
			<key>48193B3E4092646EFD76E823</key>
			<dict>
				<key>explicitFileType</key>
				<string>sourcecode.c.c</string>
				<key>fileEncoding</key>
				<string>4</string>
				<key>isa</key>
				<string>PBXFileReference</string>
				<key>name</key>
				<string>Reds.c</string>
				<key>path</key>
				<string>../../../addons/ofxHeatMap-master/libs/heatmap/colorschemes/Reds.c</string>
				<key>sourceTree</key>
				<string>SOURCE_ROOT</string>
			</dict>
			<key>AE20E7BEF1BE45445080FB7B</key>
			<dict>
				<key>explicitFileType</key>
				<string>sourcecode.c.h</string>
				<key>fileEncoding</key>
				<string>4</string>
				<key>isa</key>
				<string>PBXFileReference</string>
				<key>name</key>
				<string>Blues.h</string>
				<key>path</key>
				<string>../../../addons/ofxHeatMap-master/libs/heatmap/colorschemes/Blues.h</string>
				<key>sourceTree</key>
				<string>SOURCE_ROOT</string>
			</dict>
			<key>A596CEDCC8B265A3F4210322</key>
			<dict>
				<key>explicitFileType</key>
				<string>sourcecode.c.h</string>
				<key>fileEncoding</key>
				<string>4</string>
				<key>isa</key>
				<string>PBXFileReference</string>
				<key>name</key>
				<string>BuGn.h</string>
				<key>path</key>
				<string>../../../addons/ofxHeatMap-master/libs/heatmap/colorschemes/BuGn.h</string>
				<key>sourceTree</key>
				<string>SOURCE_ROOT</string>
			</dict>
			<key>E550E12C8236156AACDF123D</key>
			<dict>
				<key>explicitFileType</key>
				<string>sourcecode.c.h</string>
				<key>fileEncoding</key>
				<string>4</string>
				<key>isa</key>
				<string>PBXFileReference</string>
				<key>name</key>
				<string>PuBuGn.h</string>
				<key>path</key>
				<string>../../../addons/ofxHeatMap-master/libs/heatmap/colorschemes/PuBuGn.h</string>
				<key>sourceTree</key>
				<string>SOURCE_ROOT</string>
			</dict>
			<key>E5ECEB7C5DC47460BB14E43B</key>
			<dict>
				<key>explicitFileType</key>
				<string>sourcecode.c.h</string>
				<key>fileEncoding</key>
				<string>4</string>
				<key>isa</key>
				<string>PBXFileReference</string>
				<key>name</key>
				<string>Purples.h</string>
				<key>path</key>
				<string>../../../addons/ofxHeatMap-master/libs/heatmap/colorschemes/Purples.h</string>
				<key>sourceTree</key>
				<string>SOURCE_ROOT</string>
			</dict>
			<key>1D4535DB467407F5642FA336</key>
			<dict>
				<key>explicitFileType</key>
				<string>sourcecode.c.h</string>
				<key>fileEncoding</key>
				<string>4</string>
				<key>isa</key>
				<string>PBXFileReference</string>
				<key>name</key>
				<string>PiYG.h</string>
				<key>path</key>
				<string>../../../addons/ofxHeatMap-master/libs/heatmap/colorschemes/PiYG.h</string>
				<key>sourceTree</key>
				<string>SOURCE_ROOT</string>
			</dict>
			<key>E1174AFB1C2F434FE26F6388</key>
			<dict>
				<key>explicitFileType</key>
				<string>sourcecode.c.h</string>
				<key>fileEncoding</key>
				<string>4</string>
				<key>isa</key>
				<string>PBXFileReference</string>
				<key>name</key>
				<string>YlGn.h</string>
				<key>path</key>
				<string>../../../addons/ofxHeatMap-master/libs/heatmap/colorschemes/YlGn.h</string>
				<key>sourceTree</key>
				<string>SOURCE_ROOT</string>
			</dict>
			<key>EE03EE24D77DAE1EAC3297FF</key>
			<dict>
				<key>fileRef</key>
				<string>AD002E9C3C760FDB8AA54AE0</string>
				<key>isa</key>
				<string>PBXBuildFile</string>
			</dict>
			<key>AD002E9C3C760FDB8AA54AE0</key>
			<dict>
				<key>explicitFileType</key>
				<string>sourcecode.c.c</string>
				<key>fileEncoding</key>
				<string>4</string>
				<key>isa</key>
				<string>PBXFileReference</string>
				<key>name</key>
				<string>RdYlBu.c</string>
				<key>path</key>
				<string>../../../addons/ofxHeatMap-master/libs/heatmap/colorschemes/RdYlBu.c</string>
				<key>sourceTree</key>
				<string>SOURCE_ROOT</string>
			</dict>
			<key>E1530E9BB36643FEF0793FF7</key>
			<dict>
				<key>explicitFileType</key>
				<string>sourcecode.c.h</string>
				<key>fileEncoding</key>
				<string>4</string>
				<key>isa</key>
				<string>PBXFileReference</string>
				<key>name</key>
				<string>Greys.h</string>
				<key>path</key>
				<string>../../../addons/ofxHeatMap-master/libs/heatmap/colorschemes/Greys.h</string>
				<key>sourceTree</key>
				<string>SOURCE_ROOT</string>
			</dict>
			<key>2A3186D2E9594C165B737B95</key>
			<dict>
				<key>fileRef</key>
				<string>3038B3651B2E98AD64B382CB</string>
				<key>isa</key>
				<string>PBXBuildFile</string>
			</dict>
			<key>3038B3651B2E98AD64B382CB</key>
			<dict>
				<key>explicitFileType</key>
				<string>sourcecode.c.c</string>
				<key>fileEncoding</key>
				<string>4</string>
				<key>isa</key>
				<string>PBXFileReference</string>
				<key>name</key>
				<string>gray.c</string>
				<key>path</key>
				<string>../../../addons/ofxHeatMap-master/libs/heatmap/colorschemes/gray.c</string>
				<key>sourceTree</key>
				<string>SOURCE_ROOT</string>
			</dict>
			<key>1C9A53D0CF865217D06AF18F</key>
			<dict>
				<key>explicitFileType</key>
				<string>sourcecode.c.h</string>
				<key>fileEncoding</key>
				<string>4</string>
				<key>isa</key>
				<string>PBXFileReference</string>
				<key>name</key>
				<string>PuBu.h</string>
				<key>path</key>
				<string>../../../addons/ofxHeatMap-master/libs/heatmap/colorschemes/PuBu.h</string>
				<key>sourceTree</key>
				<string>SOURCE_ROOT</string>
			</dict>
			<key>0BDD81C561D3169780BBE018</key>
			<dict>
				<key>fileRef</key>
				<string>65DBAED536A491279169CB35</string>
				<key>isa</key>
				<string>PBXBuildFile</string>
			</dict>
			<key>65DBAED536A491279169CB35</key>
			<dict>
				<key>explicitFileType</key>
				<string>sourcecode.c.c</string>
				<key>fileEncoding</key>
				<string>4</string>
				<key>isa</key>
				<string>PBXFileReference</string>
				<key>name</key>
				<string>OrRd.c</string>
				<key>path</key>
				<string>../../../addons/ofxHeatMap-master/libs/heatmap/colorschemes/OrRd.c</string>
				<key>sourceTree</key>
				<string>SOURCE_ROOT</string>
			</dict>
			<key>F6B3B35EC9B20230CB38F2E9</key>
			<dict>
				<key>fileRef</key>
				<string>2FC2A9B4A5B3CA9BDE68B92C</string>
				<key>isa</key>
				<string>PBXBuildFile</string>
			</dict>
			<key>2FC2A9B4A5B3CA9BDE68B92C</key>
			<dict>
				<key>explicitFileType</key>
				<string>sourcecode.c.c</string>
				<key>fileEncoding</key>
				<string>4</string>
				<key>isa</key>
				<string>PBXFileReference</string>
				<key>name</key>
				<string>BrBG.c</string>
				<key>path</key>
				<string>../../../addons/ofxHeatMap-master/libs/heatmap/colorschemes/BrBG.c</string>
				<key>sourceTree</key>
				<string>SOURCE_ROOT</string>
			</dict>
			<key>5BBBEED49AC91BF02DBD8651</key>
			<dict>
				<key>explicitFileType</key>
				<string>sourcecode.c.h</string>
				<key>fileEncoding</key>
				<string>4</string>
				<key>isa</key>
				<string>PBXFileReference</string>
				<key>name</key>
				<string>PuRd.h</string>
				<key>path</key>
				<string>../../../addons/ofxHeatMap-master/libs/heatmap/colorschemes/PuRd.h</string>
				<key>sourceTree</key>
				<string>SOURCE_ROOT</string>
			</dict>
			<key>331F16AC4850E0409A87B560</key>
			<dict>
				<key>explicitFileType</key>
				<string>sourcecode.c.h</string>
				<key>fileEncoding</key>
				<string>4</string>
				<key>isa</key>
				<string>PBXFileReference</string>
				<key>name</key>
				<string>Oranges.h</string>
				<key>path</key>
				<string>../../../addons/ofxHeatMap-master/libs/heatmap/colorschemes/Oranges.h</string>
				<key>sourceTree</key>
				<string>SOURCE_ROOT</string>
			</dict>
			<key>9E87785BC7F7A0D43CC392ED</key>
			<dict>
				<key>fileRef</key>
				<string>9E8381AED12C5AC4C14EA52C</string>
				<key>isa</key>
				<string>PBXBuildFile</string>
			</dict>
			<key>9E8381AED12C5AC4C14EA52C</key>
			<dict>
				<key>explicitFileType</key>
				<string>sourcecode.c.c</string>
				<key>fileEncoding</key>
				<string>4</string>
				<key>isa</key>
				<string>PBXFileReference</string>
				<key>name</key>
				<string>PRGn.c</string>
				<key>path</key>
				<string>../../../addons/ofxHeatMap-master/libs/heatmap/colorschemes/PRGn.c</string>
				<key>sourceTree</key>
				<string>SOURCE_ROOT</string>
			</dict>
			<key>53B7019D5D20BA1B9E7E8D55</key>
			<dict>
				<key>explicitFileType</key>
				<string>sourcecode.c.h</string>
				<key>fileEncoding</key>
				<string>4</string>
				<key>isa</key>
				<string>PBXFileReference</string>
				<key>name</key>
				<string>RdBu.h</string>
				<key>path</key>
				<string>../../../addons/ofxHeatMap-master/libs/heatmap/colorschemes/RdBu.h</string>
				<key>sourceTree</key>
				<string>SOURCE_ROOT</string>
			</dict>
			<key>FAB0854AC495EACF03DE5007</key>
			<dict>
				<key>explicitFileType</key>
				<string>sourcecode.c.h</string>
				<key>fileEncoding</key>
				<string>4</string>
				<key>isa</key>
				<string>PBXFileReference</string>
				<key>name</key>
				<string>YlGnBu.h</string>
				<key>path</key>
				<string>../../../addons/ofxHeatMap-master/libs/heatmap/colorschemes/YlGnBu.h</string>
				<key>sourceTree</key>
				<string>SOURCE_ROOT</string>
			</dict>
			<key>650FCB696221116198D542AF</key>
			<dict>
				<key>explicitFileType</key>
				<string>sourcecode.c.h</string>
				<key>fileEncoding</key>
				<string>4</string>
				<key>isa</key>
				<string>PBXFileReference</string>
				<key>name</key>
				<string>PuOr.h</string>
				<key>path</key>
				<string>../../../addons/ofxHeatMap-master/libs/heatmap/colorschemes/PuOr.h</string>
				<key>sourceTree</key>
				<string>SOURCE_ROOT</string>
			</dict>
			<key>220DE08646D588907448CD18</key>
			<dict>
				<key>explicitFileType</key>
				<string>sourcecode.c.h</string>
				<key>fileEncoding</key>
				<string>4</string>
				<key>isa</key>
				<string>PBXFileReference</string>
				<key>name</key>
				<string>YlOrBr.h</string>
				<key>path</key>
				<string>../../../addons/ofxHeatMap-master/libs/heatmap/colorschemes/YlOrBr.h</string>
				<key>sourceTree</key>
				<string>SOURCE_ROOT</string>
			</dict>
			<key>7DFB8CFDE7799A16C5C4C022</key>
			<dict>
				<key>explicitFileType</key>
				<string>sourcecode.c.h</string>
				<key>fileEncoding</key>
				<string>4</string>
				<key>isa</key>
				<string>PBXFileReference</string>
				<key>name</key>
				<string>Greens.h</string>
				<key>path</key>
				<string>../../../addons/ofxHeatMap-master/libs/heatmap/colorschemes/Greens.h</string>
				<key>sourceTree</key>
				<string>SOURCE_ROOT</string>
			</dict>
			<key>B85577583335020D36DDACDB</key>
			<dict>
				<key>fileRef</key>
				<string>D11951BE50756A06889004BC</string>
				<key>isa</key>
				<string>PBXBuildFile</string>
			</dict>
			<key>D11951BE50756A06889004BC</key>
			<dict>
				<key>explicitFileType</key>
				<string>sourcecode.c.c</string>
				<key>fileEncoding</key>
				<string>4</string>
				<key>isa</key>
				<string>PBXFileReference</string>
				<key>name</key>
				<string>YlOrRd.c</string>
				<key>path</key>
				<string>../../../addons/ofxHeatMap-master/libs/heatmap/colorschemes/YlOrRd.c</string>
				<key>sourceTree</key>
				<string>SOURCE_ROOT</string>
			</dict>
			<key>F5BDE6E3AF05D133C4EA171C</key>
			<dict>
				<key>explicitFileType</key>
				<string>sourcecode.c.h</string>
				<key>fileEncoding</key>
				<string>4</string>
				<key>isa</key>
				<string>PBXFileReference</string>
				<key>name</key>
				<string>RdYlGn.h</string>
				<key>path</key>
				<string>../../../addons/ofxHeatMap-master/libs/heatmap/colorschemes/RdYlGn.h</string>
				<key>sourceTree</key>
				<string>SOURCE_ROOT</string>
			</dict>
			<key>6656B3FCCFDB80605DA0B788</key>
			<dict>
				<key>fileRef</key>
				<string>E532293478576317E601992C</string>
				<key>isa</key>
				<string>PBXBuildFile</string>
			</dict>
			<key>E532293478576317E601992C</key>
			<dict>
				<key>explicitFileType</key>
				<string>sourcecode.c.c</string>
				<key>fileEncoding</key>
				<string>4</string>
				<key>isa</key>
				<string>PBXFileReference</string>
				<key>name</key>
				<string>Spectral.c</string>
				<key>path</key>
				<string>../../../addons/ofxHeatMap-master/libs/heatmap/colorschemes/Spectral.c</string>
				<key>sourceTree</key>
				<string>SOURCE_ROOT</string>
			</dict>
			<key>FC9EFC00478115EC2FEF5F6F</key>
			<dict>
				<key>fileRef</key>
				<string>C98A84CF339B45C6E1267D8E</string>
				<key>isa</key>
				<string>PBXBuildFile</string>
			</dict>
			<key>C98A84CF339B45C6E1267D8E</key>
			<dict>
				<key>explicitFileType</key>
				<string>sourcecode.c.c</string>
				<key>fileEncoding</key>
				<string>4</string>
				<key>isa</key>
				<string>PBXFileReference</string>
				<key>name</key>
				<string>RdGy.c</string>
				<key>path</key>
				<string>../../../addons/ofxHeatMap-master/libs/heatmap/colorschemes/RdGy.c</string>
				<key>sourceTree</key>
				<string>SOURCE_ROOT</string>
			</dict>
			<key>C59827D819A478BD51C1E82A</key>
			<dict>
				<key>fileRef</key>
				<string>3B6B89E55ECA9D1642A5852E</string>
				<key>isa</key>
				<string>PBXBuildFile</string>
			</dict>
			<key>3B6B89E55ECA9D1642A5852E</key>
			<dict>
				<key>explicitFileType</key>
				<string>sourcecode.c.c</string>
				<key>fileEncoding</key>
				<string>4</string>
				<key>isa</key>
				<string>PBXFileReference</string>
				<key>name</key>
				<string>BuGn.c</string>
				<key>path</key>
				<string>../../../addons/ofxHeatMap-master/libs/heatmap/colorschemes/BuGn.c</string>
				<key>sourceTree</key>
				<string>SOURCE_ROOT</string>
			</dict>
			<key>F94EE19C52D480D256D192DB</key>
			<dict>
				<key>fileRef</key>
				<string>4FA3E30FBAC40D50E9DB709D</string>
				<key>isa</key>
				<string>PBXBuildFile</string>
			</dict>
			<key>4FA3E30FBAC40D50E9DB709D</key>
			<dict>
				<key>explicitFileType</key>
				<string>sourcecode.c.c</string>
				<key>fileEncoding</key>
				<string>4</string>
				<key>isa</key>
				<string>PBXFileReference</string>
				<key>name</key>
				<string>Blues.c</string>
				<key>path</key>
				<string>../../../addons/ofxHeatMap-master/libs/heatmap/colorschemes/Blues.c</string>
				<key>sourceTree</key>
				<string>SOURCE_ROOT</string>
			</dict>
			<key>2E0DACA05F145E2C23839CB0</key>
			<dict>
				<key>explicitFileType</key>
				<string>sourcecode.c.h</string>
				<key>fileEncoding</key>
				<string>4</string>
				<key>isa</key>
				<string>PBXFileReference</string>
				<key>name</key>
				<string>Reds.h</string>
				<key>path</key>
				<string>../../../addons/ofxHeatMap-master/libs/heatmap/colorschemes/Reds.h</string>
				<key>sourceTree</key>
				<string>SOURCE_ROOT</string>
			</dict>
			<key>95F99749AA22A8A14FB29824</key>
			<dict>
				<key>fileRef</key>
				<string>3DFDB6F427C6060857522C65</string>
				<key>isa</key>
				<string>PBXBuildFile</string>
			</dict>
			<key>3DFDB6F427C6060857522C65</key>
			<dict>
				<key>explicitFileType</key>
				<string>sourcecode.c.c</string>
				<key>fileEncoding</key>
				<string>4</string>
				<key>isa</key>
				<string>PBXFileReference</string>
				<key>name</key>
				<string>BuPu.c</string>
				<key>path</key>
				<string>../../../addons/ofxHeatMap-master/libs/heatmap/colorschemes/BuPu.c</string>
				<key>sourceTree</key>
				<string>SOURCE_ROOT</string>
			</dict>
			<key>4BB6209BA626A78EED09A2EA</key>
			<dict>
				<key>fileRef</key>
				<string>E6D324A53DF5BFA0AF88273C</string>
				<key>isa</key>
				<string>PBXBuildFile</string>
			</dict>
			<key>E6D324A53DF5BFA0AF88273C</key>
			<dict>
				<key>explicitFileType</key>
				<string>sourcecode.c.c</string>
				<key>fileEncoding</key>
				<string>4</string>
				<key>isa</key>
				<string>PBXFileReference</string>
				<key>name</key>
				<string>GnBu.c</string>
				<key>path</key>
				<string>../../../addons/ofxHeatMap-master/libs/heatmap/colorschemes/GnBu.c</string>
				<key>sourceTree</key>
				<string>SOURCE_ROOT</string>
			</dict>
			<key>A76129835CE08AE5BF19455E</key>
			<dict>
				<key>explicitFileType</key>
				<string>sourcecode.c.h</string>
				<key>fileEncoding</key>
				<string>4</string>
				<key>isa</key>
				<string>PBXFileReference</string>
				<key>name</key>
				<string>RdPu.h</string>
				<key>path</key>
				<string>../../../addons/ofxHeatMap-master/libs/heatmap/colorschemes/RdPu.h</string>
				<key>sourceTree</key>
				<string>SOURCE_ROOT</string>
			</dict>
			<key>A5D46FF1FED644B7148ACF30</key>
			<dict>
				<key>fileRef</key>
				<string>FC447D52D7DAB0CAB93B808A</string>
				<key>isa</key>
				<string>PBXBuildFile</string>
			</dict>
			<key>FC447D52D7DAB0CAB93B808A</key>
			<dict>
				<key>explicitFileType</key>
				<string>sourcecode.c.c</string>
				<key>fileEncoding</key>
				<string>4</string>
				<key>isa</key>
				<string>PBXFileReference</string>
				<key>name</key>
				<string>Greys.c</string>
				<key>path</key>
				<string>../../../addons/ofxHeatMap-master/libs/heatmap/colorschemes/Greys.c</string>
				<key>sourceTree</key>
				<string>SOURCE_ROOT</string>
			</dict>
			<key>9AD6B12BF9DD2E5882603263</key>
			<dict>
				<key>explicitFileType</key>
				<string>sourcecode.c.h</string>
				<key>fileEncoding</key>
				<string>4</string>
				<key>isa</key>
				<string>PBXFileReference</string>
				<key>name</key>
				<string>OrRd.h</string>
				<key>path</key>
				<string>../../../addons/ofxHeatMap-master/libs/heatmap/colorschemes/OrRd.h</string>
				<key>sourceTree</key>
				<string>SOURCE_ROOT</string>
			</dict>
			<key>972DB4F4D0FC454EB52088B6</key>
			<dict>
				<key>explicitFileType</key>
				<string>sourcecode.c.h</string>
				<key>fileEncoding</key>
				<string>4</string>
				<key>isa</key>
				<string>PBXFileReference</string>
				<key>name</key>
				<string>gray.h</string>
				<key>path</key>
				<string>../../../addons/ofxHeatMap-master/libs/heatmap/colorschemes/gray.h</string>
				<key>sourceTree</key>
				<string>SOURCE_ROOT</string>
			</dict>
			<key>5B00B257EDE39E1E6EE7EFC4</key>
			<dict>
				<key>fileRef</key>
				<string>B47218CC616BFD8360425537</string>
				<key>isa</key>
				<string>PBXBuildFile</string>
			</dict>
			<key>B47218CC616BFD8360425537</key>
			<dict>
				<key>explicitFileType</key>
				<string>sourcecode.c.c</string>
				<key>fileEncoding</key>
				<string>4</string>
				<key>isa</key>
				<string>PBXFileReference</string>
				<key>name</key>
				<string>PuBu.c</string>
				<key>path</key>
				<string>../../../addons/ofxHeatMap-master/libs/heatmap/colorschemes/PuBu.c</string>
				<key>sourceTree</key>
				<string>SOURCE_ROOT</string>
			</dict>
			<key>164E0072EDEE5F1FF531E504</key>
			<dict>
				<key>explicitFileType</key>
				<string>sourcecode.c.h</string>
				<key>fileEncoding</key>
				<string>4</string>
				<key>isa</key>
				<string>PBXFileReference</string>
				<key>name</key>
				<string>RdYlBu.h</string>
				<key>path</key>
				<string>../../../addons/ofxHeatMap-master/libs/heatmap/colorschemes/RdYlBu.h</string>
				<key>sourceTree</key>
				<string>SOURCE_ROOT</string>
			</dict>
			<key>C0704393ED6E17C24EEC3EEB</key>
			<dict>
				<key>fileRef</key>
				<string>EAAAF054A135444430FAE5EA</string>
				<key>isa</key>
				<string>PBXBuildFile</string>
			</dict>
			<key>EAAAF054A135444430FAE5EA</key>
			<dict>
				<key>explicitFileType</key>
				<string>sourcecode.c.c</string>
				<key>fileEncoding</key>
				<string>4</string>
				<key>isa</key>
				<string>PBXFileReference</string>
				<key>name</key>
				<string>PuBuGn.c</string>
				<key>path</key>
				<string>../../../addons/ofxHeatMap-master/libs/heatmap/colorschemes/PuBuGn.c</string>
				<key>sourceTree</key>
				<string>SOURCE_ROOT</string>
			</dict>
			<key>E91C10374440306275178286</key>
			<dict>
				<key>fileRef</key>
				<string>B3C6E60CB89FEC4A4F019411</string>
				<key>isa</key>
				<string>PBXBuildFile</string>
			</dict>
			<key>B3C6E60CB89FEC4A4F019411</key>
			<dict>
				<key>explicitFileType</key>
				<string>sourcecode.c.c</string>
				<key>fileEncoding</key>
				<string>4</string>
				<key>isa</key>
				<string>PBXFileReference</string>
				<key>name</key>
				<string>YlGn.c</string>
				<key>path</key>
				<string>../../../addons/ofxHeatMap-master/libs/heatmap/colorschemes/YlGn.c</string>
				<key>sourceTree</key>
				<string>SOURCE_ROOT</string>
			</dict>
			<key>E65C77D958A13CAAA43472ED</key>
			<dict>
				<key>fileRef</key>
				<string>0512988BE6F50C0A98D5B956</string>
				<key>isa</key>
				<string>PBXBuildFile</string>
			</dict>
			<key>0512988BE6F50C0A98D5B956</key>
			<dict>
				<key>explicitFileType</key>
				<string>sourcecode.c.c</string>
				<key>fileEncoding</key>
				<string>4</string>
				<key>isa</key>
				<string>PBXFileReference</string>
				<key>name</key>
				<string>PiYG.c</string>
				<key>path</key>
				<string>../../../addons/ofxHeatMap-master/libs/heatmap/colorschemes/PiYG.c</string>
				<key>sourceTree</key>
				<string>SOURCE_ROOT</string>
			</dict>
			<key>3F422D13005A9BB289422275</key>
			<dict>
				<key>children</key>
				<array>
					<string>E4019F865BC3F108C057B177</string>
					<string>0512988BE6F50C0A98D5B956</string>
					<string>B3C6E60CB89FEC4A4F019411</string>
					<string>EAAAF054A135444430FAE5EA</string>
					<string>164E0072EDEE5F1FF531E504</string>
					<string>B47218CC616BFD8360425537</string>
					<string>972DB4F4D0FC454EB52088B6</string>
					<string>9AD6B12BF9DD2E5882603263</string>
					<string>FC447D52D7DAB0CAB93B808A</string>
					<string>A76129835CE08AE5BF19455E</string>
					<string>E6D324A53DF5BFA0AF88273C</string>
					<string>3DFDB6F427C6060857522C65</string>
					<string>2E0DACA05F145E2C23839CB0</string>
					<string>4FA3E30FBAC40D50E9DB709D</string>
					<string>3B6B89E55ECA9D1642A5852E</string>
					<string>C98A84CF339B45C6E1267D8E</string>
					<string>E532293478576317E601992C</string>
					<string>F5BDE6E3AF05D133C4EA171C</string>
					<string>D11951BE50756A06889004BC</string>
					<string>7DFB8CFDE7799A16C5C4C022</string>
					<string>220DE08646D588907448CD18</string>
					<string>650FCB696221116198D542AF</string>
					<string>FAB0854AC495EACF03DE5007</string>
					<string>53B7019D5D20BA1B9E7E8D55</string>
					<string>9E8381AED12C5AC4C14EA52C</string>
					<string>331F16AC4850E0409A87B560</string>
					<string>5BBBEED49AC91BF02DBD8651</string>
					<string>2FC2A9B4A5B3CA9BDE68B92C</string>
					<string>65DBAED536A491279169CB35</string>
					<string>1C9A53D0CF865217D06AF18F</string>
					<string>3038B3651B2E98AD64B382CB</string>
					<string>E1530E9BB36643FEF0793FF7</string>
					<string>AD002E9C3C760FDB8AA54AE0</string>
					<string>E1174AFB1C2F434FE26F6388</string>
					<string>1D4535DB467407F5642FA336</string>
					<string>E5ECEB7C5DC47460BB14E43B</string>
					<string>E550E12C8236156AACDF123D</string>
					<string>A596CEDCC8B265A3F4210322</string>
					<string>AE20E7BEF1BE45445080FB7B</string>
					<string>48193B3E4092646EFD76E823</string>
					<string>200E54BAE9B99ED9A28619C6</string>
					<string>B9504F4940C475278C00B611</string>
					<string>59A93B8EC67172A124752AC0</string>
					<string>A2AC3FA94B8A9FD6598B7D16</string>
					<string>22D880F901635422FF5ABA40</string>
					<string>A55A8966E886DA2571EBFA33</string>
					<string>73DB48446BE3DD9CCF6312D5</string>
					<string>E5657BC7147D844FA3952923</string>
					<string>6ED7171CD282A4EAE830BF15</string>
					<string>CB20158E4959ADEF7F1C7734</string>
					<string>CFFC73CF7DCF403E9B8926F8</string>
					<string>C5617011187C71BD5AB8BEFF</string>
					<string>D2B4F54CA11CC8B1E48BCAA9</string>
					<string>5C04B1D8B48974E0465C1252</string>
					<string>1FFC0FD748F9D0738BF9ABAA</string>
					<string>45C1E30B1628483D82AE79E8</string>
				</array>
				<key>isa</key>
				<string>PBXGroup</string>
				<key>name</key>
				<string>colorschemes</string>
				<key>sourceTree</key>
				<string>&lt;group&gt;</string>
			</dict>
			<key>BFB12938DC3CAB0906ED3F05</key>
			<dict>
				<key>fileRef</key>
				<string>E4019F865BC3F108C057B177</string>
				<key>isa</key>
				<string>PBXBuildFile</string>
			</dict>
			<key>E4019F865BC3F108C057B177</key>
			<dict>
				<key>explicitFileType</key>
				<string>sourcecode.c.c</string>
				<key>fileEncoding</key>
				<string>4</string>
				<key>isa</key>
				<string>PBXFileReference</string>
				<key>name</key>
				<string>Purples.c</string>
				<key>path</key>
				<string>../../../addons/ofxHeatMap-master/libs/heatmap/colorschemes/Purples.c</string>
				<key>sourceTree</key>
				<string>SOURCE_ROOT</string>
			</dict>
			<key>AD6DACC2D50757B08DD37225</key>
			<dict>
				<key>children</key>
				<array>
					<string>EB50E08772B3038729E7D934</string>
					<string>3F422D13005A9BB289422275</string>
					<string>965DAE01B8A39F88D2819F43</string>
				</array>
				<key>isa</key>
				<string>PBXGroup</string>
				<key>name</key>
				<string>heatmap</string>
				<key>sourceTree</key>
				<string>&lt;group&gt;</string>
			</dict>
			<key>371577704C497CBF4552AB2A</key>
			<dict>
				<key>children</key>
				<array>
					<string>AD6DACC2D50757B08DD37225</string>
				</array>
				<key>isa</key>
				<string>PBXGroup</string>
				<key>name</key>
				<string>libs</string>
				<key>sourceTree</key>
				<string>&lt;group&gt;</string>
			</dict>
			<key>EB50E08772B3038729E7D934</key>
			<dict>
				<key>explicitFileType</key>
				<string>sourcecode.c.h</string>
				<key>fileEncoding</key>
				<string>4</string>
				<key>isa</key>
				<string>PBXFileReference</string>
				<key>name</key>
				<string>heatmap.h</string>
				<key>path</key>
				<string>../../../addons/ofxHeatMap-master/libs/heatmap/heatmap.h</string>
				<key>sourceTree</key>
				<string>SOURCE_ROOT</string>
			</dict>
			<key>A8C1812841A69CC9B3697352</key>
			<dict>
				<key>children</key>
				<array>
					<string>814155D21DA26E564E11CFA9</string>
				</array>
				<key>isa</key>
				<string>PBXGroup</string>
				<key>name</key>
				<string>src</string>
				<key>sourceTree</key>
				<string>&lt;group&gt;</string>
			</dict>
			<key>25D4C1A832A30543B46ADC1B</key>
			<dict>
				<key>children</key>
				<array>
					<string>A8C1812841A69CC9B3697352</string>
					<string>371577704C497CBF4552AB2A</string>
				</array>
				<key>isa</key>
				<string>PBXGroup</string>
				<key>name</key>
				<string>ofxHeatMap-master</string>
				<key>sourceTree</key>
				<string>&lt;group&gt;</string>
			</dict>
			<key>814155D21DA26E564E11CFA9</key>
			<dict>
				<key>explicitFileType</key>
				<string>sourcecode.c.h</string>
				<key>fileEncoding</key>
				<string>4</string>
				<key>isa</key>
				<string>PBXFileReference</string>
				<key>name</key>
				<string>ofxHeatMap.h</string>
				<key>path</key>
				<string>../../../addons/ofxHeatMap-master/src/ofxHeatMap.h</string>
				<key>sourceTree</key>
				<string>SOURCE_ROOT</string>
			</dict>
			<key>6948EE371B920CB800B5AC1A</key>
			<dict>
				<key>children</key>
				<array />
				<key>isa</key>
				<string>PBXGroup</string>
				<key>name</key>
				<string>local_addons</string>
				<key>sourceTree</key>
				<string>&lt;group&gt;</string>
			</dict>
			<key>8466F1851C04CA0E00918B1C</key>
			<dict>
				<key>buildActionMask</key>
				<string>12</string>
				<key>files</key>
				<array />
				<key>inputPaths</key>
				<array />
				<key>isa</key>
				<string>PBXShellScriptBuildPhase</string>
				<key>outputPaths</key>
				<array />
				<key>runOnlyForDeploymentPostprocessing</key>
				<string>0</string>
				<key>shellPath</key>
				<string>/bin/sh</string>
				<key>shellScript</key>
				<string>echo "$GCC_PREPROCESSOR_DEFINITIONS";
APPSTORE=`expr "$GCC_PREPROCESSOR_DEFINITIONS" : ".*APPSTORE=\([0-9]*\)"`
if [ -z "$APPSTORE" ] ; then
echo "Note: Not copying bin/data to App Package or doing App Code signing. Use AppStore target for AppStore distribution";
else
# Copy bin/data into App/Resources
rsync -avz --exclude='.DS_Store' "${SRCROOT}/bin/data/" "${TARGET_BUILD_DIR}/${UNLOCALIZED_RESOURCES_FOLDER_PATH}/data/"

# ---- Code Sign App Package ----

# WARNING: You may have to run Clean in Xcode after changing CODE_SIGN_IDENTITY!

# Verify that $CODE_SIGN_IDENTITY is set
if [ -z "${CODE_SIGN_IDENTITY}" ] ; then
echo "CODE_SIGN_IDENTITY needs to be set for framework code-signing"
exit 0
fi

if [ -z "${CODE_SIGN_ENTITLEMENTS}" ] ; then
echo "CODE_SIGN_ENTITLEMENTS needs to be set for framework code-signing!"

if [ "${CONFIGURATION}" = "Release" ] ; then
exit 1
else
# Code-signing is optional for non-release builds.
exit 0
fi
fi

ITEMS=""

FRAMEWORKS_DIR="${TARGET_BUILD_DIR}/${FRAMEWORKS_FOLDER_PATH}"
echo "$FRAMEWORKS_DIR"
if [ -d "$FRAMEWORKS_DIR" ] ; then
FRAMEWORKS=$(find "${FRAMEWORKS_DIR}" -depth -type d -name "*.framework" -or -name "*.dylib" -or -name "*.bundle" | sed -e "s/\(.*framework\)/\1\/Versions\/A\//")
RESULT=$?
if [[ $RESULT != 0 ]] ; then
exit 1
fi

ITEMS="${FRAMEWORKS}"
fi

LOGINITEMS_DIR="${TARGET_BUILD_DIR}/${CONTENTS_FOLDER_PATH}/Library/LoginItems/"
if [ -d "$LOGINITEMS_DIR" ] ; then
LOGINITEMS=$(find "${LOGINITEMS_DIR}" -depth -type d -name "*.app")
RESULT=$?
if [[ $RESULT != 0 ]] ; then
exit 1
fi

ITEMS="${ITEMS}"$'\n'"${LOGINITEMS}"
fi

# Prefer the expanded name, if available.
CODE_SIGN_IDENTITY_FOR_ITEMS="${EXPANDED_CODE_SIGN_IDENTITY_NAME}"
if [ "${CODE_SIGN_IDENTITY_FOR_ITEMS}" = "" ] ; then
# Fall back to old behavior.
CODE_SIGN_IDENTITY_FOR_ITEMS="${CODE_SIGN_IDENTITY}"
fi

echo "Identity:"
echo "${CODE_SIGN_IDENTITY_FOR_ITEMS}"

echo "Entitlements:"
echo "${CODE_SIGN_ENTITLEMENTS}"

echo "Found:"
echo "${ITEMS}"

# Change the Internal Field Separator (IFS) so that spaces in paths will not cause problems below.
SAVED_IFS=$IFS
IFS=$(echo -en "\n\b")

# Loop through all items.
for ITEM in $ITEMS;
do
echo "Signing '${ITEM}'"
codesign --force --verbose --sign "${CODE_SIGN_IDENTITY_FOR_ITEMS}" --entitlements "${CODE_SIGN_ENTITLEMENTS}" "${ITEM}"
RESULT=$?
if [[ $RESULT != 0 ]] ; then
echo "Failed to sign '${ITEM}'."
IFS=$SAVED_IFS
exit 1
fi
done

# Restore $IFS.
IFS=$SAVED_IFS

fi
</string>
			</dict>
			<key>99FA3DBB1C7456C400CFA0EE</key>
			<dict>
				<key>baseConfigurationReference</key>
				<string>E4EB6923138AFD0F00A09F29</string>
				<key>buildSettings</key>
				<dict>
					<key>HEADER_SEARCH_PATHS</key>
					<array>
						<string>$(OF_CORE_HEADERS)</string>
						<string>src</string>
						<string>../../../addons/ofxHeatMap-master/libs</string>
						<string>../../../addons/ofxHeatMap-master/libs/heatmap</string>
						<string>../../../addons/ofxHeatMap-master/libs/heatmap/colorschemes</string>
						<string>../../../addons/ofxHeatMap-master/src</string>
					</array>
					<key>CONFIGURATION_BUILD_DIR</key>
					<string>$(SRCROOT)/bin/</string>
					<key>COPY_PHASE_STRIP</key>
					<string>YES</string>
					<key>DEAD_CODE_STRIPPING</key>
					<string>YES</string>
					<key>GCC_AUTO_VECTORIZATION</key>
					<string>YES</string>
					<key>GCC_ENABLE_SSE3_EXTENSIONS</key>
					<string>YES</string>
					<key>GCC_ENABLE_SUPPLEMENTAL_SSE3_INSTRUCTIONS</key>
					<string>YES</string>
					<key>GCC_INLINES_ARE_PRIVATE_EXTERN</key>
					<string>NO</string>
					<key>GCC_OPTIMIZATION_LEVEL</key>
					<string>3</string>
					<key>GCC_PREPROCESSOR_DEFINITIONS[arch=*]</key>
					<string>DISTRIBUTION=1</string>
					<key>GCC_SYMBOLS_PRIVATE_EXTERN</key>
					<string>NO</string>
					<key>GCC_UNROLL_LOOPS</key>
					<string>YES</string>
					<key>GCC_WARN_ABOUT_DEPRECATED_FUNCTIONS</key>
					<string>YES</string>
					<key>GCC_WARN_ABOUT_INVALID_OFFSETOF_MACRO</key>
					<string>NO</string>
					<key>GCC_WARN_ALLOW_INCOMPLETE_PROTOCOL</key>
					<string>NO</string>
					<key>GCC_WARN_UNINITIALIZED_AUTOS</key>
					<string>NO</string>
					<key>GCC_WARN_UNUSED_VALUE</key>
					<string>NO</string>
					<key>GCC_WARN_UNUSED_VARIABLE</key>
					<string>NO</string>
					<key>MACOSX_DEPLOYMENT_TARGET</key>
					<string>10.9</string>
					<key>OTHER_CPLUSPLUSFLAGS</key>
					<array>
						<string>-D__MACOSX_CORE__</string>
						<string>-mtune=native</string>
					</array>
					<key>SDKROOT</key>
					<string>macosx</string>
				</dict>
				<key>isa</key>
				<string>XCBuildConfiguration</string>
				<key>name</key>
				<string>AppStore</string>
			</dict>
			<key>99FA3DBC1C7456C400CFA0EE</key>
			<dict>
				<key>baseConfigurationReference</key>
				<string>E4EB6923138AFD0F00A09F29</string>
				<key>buildSettings</key>
				<dict>
					<key>HEADER_SEARCH_PATHS</key>
					<array>
						<string>$(OF_CORE_HEADERS)</string>
						<string>src</string>
						<string>../../../addons/ofxHeatMap-master/libs</string>
						<string>../../../addons/ofxHeatMap-master/libs/heatmap</string>
						<string>../../../addons/ofxHeatMap-master/libs/heatmap/colorschemes</string>
						<string>../../../addons/ofxHeatMap-master/src</string>
					</array>
					<key>COMBINE_HIDPI_IMAGES</key>
					<string>YES</string>
					<key>COPY_PHASE_STRIP</key>
					<string>YES</string>
					<key>FRAMEWORK_SEARCH_PATHS</key>
					<array>
						<string>$(inherited)</string>
					</array>
					<key>GCC_GENERATE_DEBUGGING_SYMBOLS</key>
					<string>YES</string>
					<key>GCC_MODEL_TUNING</key>
					<string>NONE</string>
					<key>GCC_PREPROCESSOR_DEFINITIONS[arch=*]</key>
					<string>APPSTORE=1</string>
					<key>ICON</key>
					<string>$(ICON_NAME_RELEASE)</string>
					<key>ICON_FILE</key>
					<string>$(ICON_FILE_PATH)$(ICON)</string>
					<key>INFOPLIST_FILE</key>
					<string>openFrameworks-Info.plist</string>
					<key>INSTALL_PATH</key>
					<string>/Applications</string>
					<key>LIBRARY_SEARCH_PATHS</key>
					<string>$(inherited)</string>
					<key>PRODUCT_NAME</key>
					<string>$(TARGET_NAME)</string>
					<key>WRAPPER_EXTENSION</key>
					<string>app</string>
					<key>baseConfigurationReference</key>
					<string>E4EB6923138AFD0F00A09F29</string>
				</dict>
				<key>isa</key>
				<string>XCBuildConfiguration</string>
				<key>name</key>
				<string>AppStore</string>
			</dict>
			<key>BB4B014C10F69532006C3DED</key>
			<dict>
				<key>children</key>
				<array>
					<string>25D4C1A832A30543B46ADC1B</string>
				</array>
				<key>isa</key>
				<string>PBXGroup</string>
				<key>name</key>
				<string>addons</string>
				<key>sourceTree</key>
				<string>&lt;group&gt;</string>
			</dict>
			<key>E4328143138ABC890047C5CB</key>
			<dict>
				<key>isa</key>
				<string>PBXFileReference</string>
				<key>lastKnownFileType</key>
				<string>wrapper.pb-project</string>
				<key>name</key>
				<string>openFrameworksLib.xcodeproj</string>
				<key>path</key>
				<string>../../../libs/openFrameworksCompiled/project/osx/openFrameworksLib.xcodeproj</string>
				<key>sourceTree</key>
				<string>SOURCE_ROOT</string>
			</dict>
			<key>E4328144138ABC890047C5CB</key>
			<dict>
				<key>children</key>
				<array>
					<string>E4328148138ABC890047C5CB</string>
				</array>
				<key>isa</key>
				<string>PBXGroup</string>
				<key>name</key>
				<string>Products</string>
				<key>sourceTree</key>
				<string>&lt;group&gt;</string>
			</dict>
			<key>E4328147138ABC890047C5CB</key>
			<dict>
				<key>containerPortal</key>
				<string>E4328143138ABC890047C5CB</string>
				<key>isa</key>
				<string>PBXContainerItemProxy</string>
				<key>proxyType</key>
				<string>2</string>
				<key>remoteGlobalIDString</key>
				<string>E4B27C1510CBEB8E00536013</string>
				<key>remoteInfo</key>
				<string>openFrameworks</string>
			</dict>
			<key>E4328148138ABC890047C5CB</key>
			<dict>
				<key>fileType</key>
				<string>archive.ar</string>
				<key>isa</key>
				<string>PBXReferenceProxy</string>
				<key>path</key>
				<string>openFrameworksDebug.a</string>
				<key>remoteRef</key>
				<string>E4328147138ABC890047C5CB</string>
				<key>sourceTree</key>
				<string>BUILT_PRODUCTS_DIR</string>
			</dict>
			<key>E4328149138ABC9F0047C5CB</key>
			<dict>
				<key>fileRef</key>
				<string>E4328148138ABC890047C5CB</string>
				<key>isa</key>
				<string>PBXBuildFile</string>
			</dict>
			<key>E4B69B4A0A3A1720003C02F2</key>
			<dict>
				<key>children</key>
				<array>
					<string>E4B6FCAD0C3E899E008CF71C</string>
					<string>E4EB6923138AFD0F00A09F29</string>
					<string>E4B69E1C0A3A1BDC003C02F2</string>
					<string>E4EEC9E9138DF44700A80321</string>
					<string>BB4B014C10F69532006C3DED</string>
					<string>6948EE371B920CB800B5AC1A</string>
					<string>E4B69B5B0A3A1756003C02F2</string>
				</array>
				<key>isa</key>
				<string>PBXGroup</string>
				<key>sourceTree</key>
				<string>&lt;group&gt;</string>
			</dict>
			<key>E4B69B4C0A3A1720003C02F2</key>
			<dict>
				<key>attributes</key>
				<dict>
					<key>LastUpgradeCheck</key>
					<string>0600</string>
				</dict>
				<key>buildConfigurationList</key>
				<string>E4B69B4D0A3A1720003C02F2</string>
				<key>compatibilityVersion</key>
				<string>Xcode 3.2</string>
				<key>developmentRegion</key>
				<string>English</string>
				<key>hasScannedForEncodings</key>
				<string>0</string>
				<key>isa</key>
				<string>PBXProject</string>
				<key>knownRegions</key>
				<array>
					<string>English</string>
					<string>Japanese</string>
					<string>French</string>
					<string>German</string>
				</array>
				<key>mainGroup</key>
				<string>E4B69B4A0A3A1720003C02F2</string>
				<key>productRefGroup</key>
				<string>E4B69B4A0A3A1720003C02F2</string>
				<key>projectDirPath</key>
				<string />
				<key>projectReferences</key>
				<array>
					<dict>
						<key>ProductGroup</key>
						<string>E4328144138ABC890047C5CB</string>
						<key>ProjectRef</key>
						<string>E4328143138ABC890047C5CB</string>
					</dict>
				</array>
				<key>projectRoot</key>
				<string />
				<key>targets</key>
				<array>
					<string>E4B69B5A0A3A1756003C02F2</string>
				</array>
			</dict>
			<key>E4B69B4D0A3A1720003C02F2</key>
			<dict>
				<key>buildConfigurations</key>
				<array>
					<string>E4B69B4E0A3A1720003C02F2</string>
					<string>E4B69B4F0A3A1720003C02F2</string>
					<string>99FA3DBB1C7456C400CFA0EE</string>
				</array>
				<key>defaultConfigurationIsVisible</key>
				<string>0</string>
				<key>defaultConfigurationName</key>
				<string>Release</string>
				<key>isa</key>
				<string>XCConfigurationList</string>
			</dict>
			<key>E4B69B4E0A3A1720003C02F2</key>
			<dict>
				<key>baseConfigurationReference</key>
				<string>E4EB6923138AFD0F00A09F29</string>
				<key>buildSettings</key>
				<dict>
					<key>HEADER_SEARCH_PATHS</key>
					<array>
						<string>$(OF_CORE_HEADERS)</string>
						<string>src</string>
						<string>../../../addons/ofxHeatMap-master/libs</string>
						<string>../../../addons/ofxHeatMap-master/libs/heatmap</string>
						<string>../../../addons/ofxHeatMap-master/libs/heatmap/colorschemes</string>
						<string>../../../addons/ofxHeatMap-master/src</string>
					</array>
					<key>CONFIGURATION_BUILD_DIR</key>
					<string>$(SRCROOT)/bin/</string>
					<key>COPY_PHASE_STRIP</key>
					<string>NO</string>
					<key>DEAD_CODE_STRIPPING</key>
					<string>YES</string>
					<key>GCC_AUTO_VECTORIZATION</key>
					<string>YES</string>
					<key>GCC_ENABLE_SSE3_EXTENSIONS</key>
					<string>YES</string>
					<key>GCC_ENABLE_SUPPLEMENTAL_SSE3_INSTRUCTIONS</key>
					<string>YES</string>
					<key>GCC_INLINES_ARE_PRIVATE_EXTERN</key>
					<string>NO</string>
					<key>GCC_OPTIMIZATION_LEVEL</key>
					<string>0</string>
					<key>GCC_SYMBOLS_PRIVATE_EXTERN</key>
					<string>NO</string>
					<key>GCC_WARN_ABOUT_DEPRECATED_FUNCTIONS</key>
					<string>YES</string>
					<key>GCC_WARN_ABOUT_INVALID_OFFSETOF_MACRO</key>
					<string>NO</string>
					<key>GCC_WARN_ALLOW_INCOMPLETE_PROTOCOL</key>
					<string>NO</string>
					<key>GCC_WARN_UNINITIALIZED_AUTOS</key>
					<string>NO</string>
					<key>GCC_WARN_UNUSED_VALUE</key>
					<string>NO</string>
					<key>GCC_WARN_UNUSED_VARIABLE</key>
					<string>NO</string>
					<key>MACOSX_DEPLOYMENT_TARGET</key>
					<string>10.9</string>
					<key>ONLY_ACTIVE_ARCH</key>
					<string>YES</string>
					<key>OTHER_CPLUSPLUSFLAGS</key>
					<array>
						<string>-D__MACOSX_CORE__</string>
						<string>-mtune=native</string>
					</array>
					<key>SDKROOT</key>
					<string>macosx</string>
				</dict>
				<key>isa</key>
				<string>XCBuildConfiguration</string>
				<key>name</key>
				<string>Debug</string>
			</dict>
			<key>E4B69B4F0A3A1720003C02F2</key>
			<dict>
				<key>baseConfigurationReference</key>
				<string>E4EB6923138AFD0F00A09F29</string>
				<key>buildSettings</key>
				<dict>
					<key>HEADER_SEARCH_PATHS</key>
					<array>
						<string>$(OF_CORE_HEADERS)</string>
						<string>src</string>
						<string>../../../addons/ofxHeatMap-master/libs</string>
						<string>../../../addons/ofxHeatMap-master/libs/heatmap</string>
						<string>../../../addons/ofxHeatMap-master/libs/heatmap/colorschemes</string>
						<string>../../../addons/ofxHeatMap-master/src</string>
					</array>
					<key>CONFIGURATION_BUILD_DIR</key>
					<string>$(SRCROOT)/bin/</string>
					<key>COPY_PHASE_STRIP</key>
					<string>YES</string>
					<key>DEAD_CODE_STRIPPING</key>
					<string>YES</string>
					<key>GCC_AUTO_VECTORIZATION</key>
					<string>YES</string>
					<key>GCC_ENABLE_SSE3_EXTENSIONS</key>
					<string>YES</string>
					<key>GCC_ENABLE_SUPPLEMENTAL_SSE3_INSTRUCTIONS</key>
					<string>YES</string>
					<key>GCC_INLINES_ARE_PRIVATE_EXTERN</key>
					<string>NO</string>
					<key>GCC_OPTIMIZATION_LEVEL</key>
					<string>3</string>
					<key>GCC_SYMBOLS_PRIVATE_EXTERN</key>
					<string>NO</string>
					<key>GCC_UNROLL_LOOPS</key>
					<string>YES</string>
					<key>GCC_WARN_ABOUT_DEPRECATED_FUNCTIONS</key>
					<string>YES</string>
					<key>GCC_WARN_ABOUT_INVALID_OFFSETOF_MACRO</key>
					<string>NO</string>
					<key>GCC_WARN_ALLOW_INCOMPLETE_PROTOCOL</key>
					<string>NO</string>
					<key>GCC_WARN_UNINITIALIZED_AUTOS</key>
					<string>NO</string>
					<key>GCC_WARN_UNUSED_VALUE</key>
					<string>NO</string>
					<key>GCC_WARN_UNUSED_VARIABLE</key>
					<string>NO</string>
					<key>MACOSX_DEPLOYMENT_TARGET</key>
					<string>10.9</string>
					<key>OTHER_CPLUSPLUSFLAGS</key>
					<array>
						<string>-D__MACOSX_CORE__</string>
						<string>-mtune=native</string>
					</array>
					<key>SDKROOT</key>
					<string>macosx</string>
				</dict>
				<key>isa</key>
				<string>XCBuildConfiguration</string>
				<key>name</key>
				<string>Release</string>
			</dict>
			<key>E4B69B580A3A1756003C02F2</key>
			<dict>
				<key>buildActionMask</key>
				<string>2147483647</string>
				<key>files</key>
				<array>
					<string>E4B69E200A3A1BDC003C02F2</string>
					<string>E4B69E210A3A1BDC003C02F2</string>
					<string>BFB12938DC3CAB0906ED3F05</string>
					<string>E65C77D958A13CAAA43472ED</string>
					<string>E91C10374440306275178286</string>
					<string>C0704393ED6E17C24EEC3EEB</string>
					<string>5B00B257EDE39E1E6EE7EFC4</string>
					<string>A5D46FF1FED644B7148ACF30</string>
					<string>4BB6209BA626A78EED09A2EA</string>
					<string>95F99749AA22A8A14FB29824</string>
					<string>F94EE19C52D480D256D192DB</string>
					<string>C59827D819A478BD51C1E82A</string>
					<string>FC9EFC00478115EC2FEF5F6F</string>
					<string>6656B3FCCFDB80605DA0B788</string>
					<string>B85577583335020D36DDACDB</string>
					<string>9E87785BC7F7A0D43CC392ED</string>
					<string>F6B3B35EC9B20230CB38F2E9</string>
					<string>0BDD81C561D3169780BBE018</string>
					<string>2A3186D2E9594C165B737B95</string>
					<string>EE03EE24D77DAE1EAC3297FF</string>
					<string>0EA0F338F90779075627669C</string>
					<string>31880617DE40450832E84C42</string>
					<string>0B4356F218F267ECAA4443CF</string>
					<string>BC49A935B39AC693A4A506E9</string>
					<string>3A058DEE7E1F3C679CE397FF</string>
					<string>0C8CE374ACF5240621CD93AE</string>
					<string>C1D0B6CC5C27DEE3FC6C8C28</string>
					<string>61796A506A341E9789025B9F</string>
					<string>72371325613B294F0082AF45</string>
					<string>B77A08943B7BAF76238AEE17</string>
					<string>BFD89F07BA1AFCDF96641C4F</string>
				</array>
				<key>isa</key>
				<string>PBXSourcesBuildPhase</string>
				<key>runOnlyForDeploymentPostprocessing</key>
				<string>0</string>
			</dict>
			<key>E4B69B590A3A1756003C02F2</key>
			<dict>
				<key>buildActionMask</key>
				<string>2147483647</string>
				<key>files</key>
				<array>
					<string>E4328149138ABC9F0047C5CB</string>
				</array>
				<key>isa</key>
				<string>PBXFrameworksBuildPhase</string>
				<key>runOnlyForDeploymentPostprocessing</key>
				<string>0</string>
			</dict>
			<key>E4B69B5A0A3A1756003C02F2</key>
			<dict>
				<key>buildConfigurationList</key>
				<string>E4B69B5F0A3A1757003C02F2</string>
				<key>buildPhases</key>
				<array>
					<string>E4B69B580A3A1756003C02F2</string>
					<string>E4B69B590A3A1756003C02F2</string>
					<string>E4B6FFFD0C3F9AB9008CF71C</string>
					<string>E4C2427710CC5ABF004149E2</string>
					<string>8466F1851C04CA0E00918B1C</string>
				</array>
				<key>buildRules</key>
				<array />
				<key>dependencies</key>
				<array>
					<string>E4EEB9AC138B136A00A80321</string>
				</array>
				<key>isa</key>
				<string>PBXNativeTarget</string>
				<key>name</key>
				<string>GazeHeatMapSystem</string>
				<key>productName</key>
				<string>myOFApp</string>
				<key>productReference</key>
				<string>E4B69B5B0A3A1756003C02F2</string>
				<key>productType</key>
				<string>com.apple.product-type.application</string>
			</dict>
			<key>E4B69B5B0A3A1756003C02F2</key>
			<dict>
				<key>explicitFileType</key>
				<string>wrapper.application</string>
				<key>includeInIndex</key>
				<string>0</string>
				<key>isa</key>
				<string>PBXFileReference</string>
				<key>path</key>
				<string>GazeHeatMapSystemDebug.app</string>
				<key>sourceTree</key>
				<string>BUILT_PRODUCTS_DIR</string>
			</dict>
			<key>E4B69B5F0A3A1757003C02F2</key>
			<dict>
				<key>buildConfigurations</key>
				<array>
					<string>E4B69B600A3A1757003C02F2</string>
					<string>E4B69B610A3A1757003C02F2</string>
					<string>99FA3DBC1C7456C400CFA0EE</string>
				</array>
				<key>defaultConfigurationIsVisible</key>
				<string>0</string>
				<key>defaultConfigurationName</key>
				<string>Release</string>
				<key>isa</key>
				<string>XCConfigurationList</string>
			</dict>
			<key>E4B69B600A3A1757003C02F2</key>
			<dict>
				<key>baseConfigurationReference</key>
				<string>E4EB6923138AFD0F00A09F29</string>
				<key>buildSettings</key>
				<dict>
					<key>HEADER_SEARCH_PATHS</key>
					<array>
						<string>$(OF_CORE_HEADERS)</string>
						<string>src</string>
						<string>../../../addons/ofxHeatMap-master/libs</string>
						<string>../../../addons/ofxHeatMap-master/libs/heatmap</string>
						<string>../../../addons/ofxHeatMap-master/libs/heatmap/colorschemes</string>
						<string>../../../addons/ofxHeatMap-master/src</string>
					</array>
					<key>COMBINE_HIDPI_IMAGES</key>
					<string>YES</string>
					<key>COPY_PHASE_STRIP</key>
					<string>NO</string>
					<key>FRAMEWORK_SEARCH_PATHS</key>
					<array>
						<string>$(inherited)</string>
					</array>
					<key>GCC_DYNAMIC_NO_PIC</key>
					<string>NO</string>
					<key>GCC_GENERATE_DEBUGGING_SYMBOLS</key>
					<string>YES</string>
					<key>GCC_MODEL_TUNING</key>
					<string>NONE</string>
					<key>ICON</key>
					<string>$(ICON_NAME_DEBUG)</string>
					<key>ICON_FILE</key>
					<string>$(ICON_FILE_PATH)$(ICON)</string>
					<key>INFOPLIST_FILE</key>
					<string>openFrameworks-Info.plist</string>
					<key>INSTALL_PATH</key>
					<string>/Applications</string>
					<key>LIBRARY_SEARCH_PATHS</key>
					<string>$(inherited)</string>
					<key>PRODUCT_NAME</key>
					<string>$(TARGET_NAME)Debug</string>
					<key>WRAPPER_EXTENSION</key>
					<string>app</string>
				</dict>
				<key>isa</key>
				<string>XCBuildConfiguration</string>
				<key>name</key>
				<string>Debug</string>
			</dict>
			<key>E4B69B610A3A1757003C02F2</key>
			<dict>
				<key>baseConfigurationReference</key>
				<string>E4EB6923138AFD0F00A09F29</string>
				<key>buildSettings</key>
				<dict>
					<key>HEADER_SEARCH_PATHS</key>
					<array>
						<string>$(OF_CORE_HEADERS)</string>
						<string>src</string>
						<string>../../../addons/ofxHeatMap-master/libs</string>
						<string>../../../addons/ofxHeatMap-master/libs/heatmap</string>
						<string>../../../addons/ofxHeatMap-master/libs/heatmap/colorschemes</string>
						<string>../../../addons/ofxHeatMap-master/src</string>
					</array>
					<key>COMBINE_HIDPI_IMAGES</key>
					<string>YES</string>
					<key>COPY_PHASE_STRIP</key>
					<string>YES</string>
					<key>FRAMEWORK_SEARCH_PATHS</key>
					<array>
						<string>$(inherited)</string>
					</array>
					<key>GCC_GENERATE_DEBUGGING_SYMBOLS</key>
					<string>YES</string>
					<key>GCC_MODEL_TUNING</key>
					<string>NONE</string>
					<key>ICON</key>
					<string>$(ICON_NAME_RELEASE)</string>
					<key>ICON_FILE</key>
					<string>$(ICON_FILE_PATH)$(ICON)</string>
					<key>INFOPLIST_FILE</key>
					<string>openFrameworks-Info.plist</string>
					<key>INSTALL_PATH</key>
					<string>/Applications</string>
					<key>LIBRARY_SEARCH_PATHS</key>
					<string>$(inherited)</string>
					<key>PRODUCT_NAME</key>
					<string>$(TARGET_NAME)</string>
					<key>WRAPPER_EXTENSION</key>
					<string>app</string>
					<key>baseConfigurationReference</key>
					<string>E4EB6923138AFD0F00A09F29</string>
				</dict>
				<key>isa</key>
				<string>XCBuildConfiguration</string>
				<key>name</key>
				<string>Release</string>
			</dict>
			<key>E4B69E1C0A3A1BDC003C02F2</key>
			<dict>
				<key>children</key>
				<array>
					<string>E4B69E1D0A3A1BDC003C02F2</string>
					<string>E4B69E1E0A3A1BDC003C02F2</string>
					<string>E4B69E1F0A3A1BDC003C02F2</string>
				</array>
				<key>isa</key>
				<string>PBXGroup</string>
				<key>path</key>
				<string>src</string>
				<key>sourceTree</key>
				<string>SOURCE_ROOT</string>
			</dict>
			<key>E4B69E1D0A3A1BDC003C02F2</key>
			<dict>
				<key>fileEncoding</key>
				<string>4</string>
				<key>isa</key>
				<string>PBXFileReference</string>
				<key>lastKnownFileType</key>
				<string>sourcecode.cpp.cpp</string>
				<key>name</key>
				<string>main.cpp</string>
				<key>path</key>
				<string>src/main.cpp</string>
				<key>sourceTree</key>
				<string>SOURCE_ROOT</string>
			</dict>
			<key>E4B69E1E0A3A1BDC003C02F2</key>
			<dict>
				<key>explicitFileType</key>
				<string>sourcecode.cpp.cpp</string>
				<key>fileEncoding</key>
				<string>4</string>
				<key>isa</key>
				<string>PBXFileReference</string>
				<key>name</key>
				<string>ofApp.cpp</string>
				<key>path</key>
				<string>src/ofApp.cpp</string>
				<key>sourceTree</key>
				<string>SOURCE_ROOT</string>
			</dict>
			<key>E4B69E1F0A3A1BDC003C02F2</key>
			<dict>
				<key>fileEncoding</key>
				<string>4</string>
				<key>isa</key>
				<string>PBXFileReference</string>
				<key>lastKnownFileType</key>
				<string>sourcecode.c.h</string>
				<key>name</key>
				<string>ofApp.h</string>
				<key>path</key>
				<string>src/ofApp.h</string>
				<key>sourceTree</key>
				<string>SOURCE_ROOT</string>
			</dict>
			<key>E4B69E200A3A1BDC003C02F2</key>
			<dict>
				<key>fileRef</key>
				<string>E4B69E1D0A3A1BDC003C02F2</string>
				<key>isa</key>
				<string>PBXBuildFile</string>
			</dict>
			<key>E4B69E210A3A1BDC003C02F2</key>
			<dict>
				<key>fileRef</key>
				<string>E4B69E1E0A3A1BDC003C02F2</string>
				<key>isa</key>
				<string>PBXBuildFile</string>
			</dict>
			<key>E4B6FCAD0C3E899E008CF71C</key>
			<dict>
				<key>fileEncoding</key>
				<string>4</string>
				<key>isa</key>
				<string>PBXFileReference</string>
				<key>lastKnownFileType</key>
				<string>text.plist.xml</string>
				<key>path</key>
				<string>openFrameworks-Info.plist</string>
				<key>sourceTree</key>
				<string>&lt;group&gt;</string>
			</dict>
			<key>E4B6FFFD0C3F9AB9008CF71C</key>
			<dict>
				<key>buildActionMask</key>
				<string>2147483647</string>
				<key>files</key>
				<array />
				<key>inputPaths</key>
				<array />
				<key>isa</key>
				<string>PBXShellScriptBuildPhase</string>
				<key>outputPaths</key>
				<array />
				<key>runOnlyForDeploymentPostprocessing</key>
				<string>0</string>
				<key>shellPath</key>
				<string>/bin/sh</string>
				<key>shellScript</key>
				<string>mkdir -p "$TARGET_BUILD_DIR/$PRODUCT_NAME.app/Contents/Resources/"
# Copy default icon file into App/Resources
rsync -aved "$ICON_FILE" "$TARGET_BUILD_DIR/$PRODUCT_NAME.app/Contents/Resources/"
# Copy libfmod and change install directory for fmod to run
rsync -aved "$OF_PATH/libs/fmodex/lib/osx/libfmodex.dylib" "$TARGET_BUILD_DIR/$PRODUCT_NAME.app/Contents/Frameworks/";
install_name_tool -change @executable_path/libfmodex.dylib @executable_path/../Frameworks/libfmodex.dylib "$TARGET_BUILD_DIR/$PRODUCT_NAME.app/Contents/MacOS/$PRODUCT_NAME";

echo "$GCC_PREPROCESSOR_DEFINITIONS";
</string>
			</dict>
			<key>E4C2427710CC5ABF004149E2</key>
			<dict>
				<key>buildActionMask</key>
				<string>2147483647</string>
				<key>dstPath</key>
				<string />
				<key>dstSubfolderSpec</key>
				<string>10</string>
				<key>files</key>
				<array />
				<key>isa</key>
				<string>PBXCopyFilesBuildPhase</string>
				<key>runOnlyForDeploymentPostprocessing</key>
				<string>0</string>
			</dict>
			<key>E4EB691F138AFCF100A09F29</key>
			<dict>
				<key>fileEncoding</key>
				<string>4</string>
				<key>isa</key>
				<string>PBXFileReference</string>
				<key>lastKnownFileType</key>
				<string>text.xcconfig</string>
				<key>name</key>
				<string>CoreOF.xcconfig</string>
				<key>path</key>
				<string>../../../libs/openFrameworksCompiled/project/osx/CoreOF.xcconfig</string>
				<key>sourceTree</key>
				<string>SOURCE_ROOT</string>
			</dict>
			<key>E4EB6923138AFD0F00A09F29</key>
			<dict>
				<key>fileEncoding</key>
				<string>4</string>
				<key>isa</key>
				<string>PBXFileReference</string>
				<key>lastKnownFileType</key>
				<string>text.xcconfig</string>
				<key>path</key>
				<string>Project.xcconfig</string>
				<key>sourceTree</key>
				<string>&lt;group&gt;</string>
			</dict>
			<key>E4EEB9AB138B136A00A80321</key>
			<dict>
				<key>containerPortal</key>
				<string>E4328143138ABC890047C5CB</string>
				<key>isa</key>
				<string>PBXContainerItemProxy</string>
				<key>proxyType</key>
				<string>1</string>
				<key>remoteGlobalIDString</key>
				<string>E4B27C1410CBEB8E00536013</string>
				<key>remoteInfo</key>
				<string>openFrameworks</string>
			</dict>
			<key>E4EEB9AC138B136A00A80321</key>
			<dict>
				<key>isa</key>
				<string>PBXTargetDependency</string>
				<key>name</key>
				<string>openFrameworks</string>
				<key>targetProxy</key>
				<string>E4EEB9AB138B136A00A80321</string>
			</dict>
			<key>E4EEC9E9138DF44700A80321</key>
			<dict>
				<key>children</key>
				<array>
					<string>E4EB691F138AFCF100A09F29</string>
					<string>E4328143138ABC890047C5CB</string>
				</array>
				<key>isa</key>
				<string>PBXGroup</string>
				<key>name</key>
				<string>openFrameworks</string>
				<key>sourceTree</key>
				<string>&lt;group&gt;</string>
			</dict>
		</dict>
		<key>rootObject</key>
		<string>E4B69B4C0A3A1720003C02F2</string>
	</dict>
</plist>
